{
  "version": 4,
  "terraform_version": "1.3.7",
  "serial": 10,
  "lineage": "017bac37-959c-8e08-67f3-d17a4f68498a",
  "outputs": {
    "kubernetes_cluster_host": {
      "value": "35.239.244.246",
      "type": "string"
    },
    "kubernetes_cluster_name": {
      "value": "my-gke-project-389205-gke",
      "type": "string"
    },
    "project_id": {
      "value": "my-gke-project-389205",
      "type": "string"
    },
    "region": {
      "value": "us-central1",
      "type": "string"
    }
  },
  "resources": [
    {
      "mode": "managed",
      "type": "google_compute_network",
      "name": "vpc",
      "provider": "provider[\"registry.terraform.io/hashicorp/google\"]",
      "instances": [
        {
          "schema_version": 0,
          "attributes": {
            "auto_create_subnetworks": false,
            "delete_default_routes_on_create": false,
            "description": "",
            "enable_ula_internal_ipv6": false,
            "gateway_ipv4": "",
            "id": "projects/my-gke-project-389205/global/networks/my-gke-project-389205-vpc",
            "internal_ipv6_range": "",
            "mtu": 0,
            "name": "my-gke-project-389205-vpc",
            "project": "my-gke-project-389205",
            "routing_mode": "REGIONAL",
            "self_link": "https://www.googleapis.com/compute/v1/projects/my-gke-project-389205/global/networks/my-gke-project-389205-vpc",
            "timeouts": null
          },
          "sensitive_attributes": [],
          "private": "eyJlMmJmYjczMC1lY2FhLTExZTYtOGY4OC0zNDM2M2JjN2M0YzAiOnsiY3JlYXRlIjoxMjAwMDAwMDAwMDAwLCJkZWxldGUiOjEyMDAwMDAwMDAwMDAsInVwZGF0ZSI6MTIwMDAwMDAwMDAwMH19"
        }
      ]
    },
    {
      "mode": "managed",
      "type": "google_compute_subnetwork",
      "name": "subnet",
      "provider": "provider[\"registry.terraform.io/hashicorp/google\"]",
      "instances": [
        {
          "schema_version": 0,
          "attributes": {
            "creation_timestamp": "2023-06-07T22:16:28.124-07:00",
            "description": "",
            "external_ipv6_prefix": "",
            "fingerprint": null,
            "gateway_address": "10.10.0.1",
            "id": "projects/my-gke-project-389205/regions/us-central1/subnetworks/my-gke-project-389205-subnet",
            "ip_cidr_range": "10.10.0.0/24",
            "ipv6_access_type": "",
            "ipv6_cidr_range": "",
            "log_config": [],
            "name": "my-gke-project-389205-subnet",
            "network": "https://www.googleapis.com/compute/v1/projects/my-gke-project-389205/global/networks/my-gke-project-389205-vpc",
            "private_ip_google_access": false,
            "private_ipv6_google_access": "DISABLE_GOOGLE_ACCESS",
            "project": "my-gke-project-389205",
            "purpose": "PRIVATE",
            "region": "us-central1",
            "role": "",
            "secondary_ip_range": [],
            "self_link": "https://www.googleapis.com/compute/v1/projects/my-gke-project-389205/regions/us-central1/subnetworks/my-gke-project-389205-subnet",
            "stack_type": "IPV4_ONLY",
            "timeouts": null
          },
          "sensitive_attributes": [],
          "private": "eyJlMmJmYjczMC1lY2FhLTExZTYtOGY4OC0zNDM2M2JjN2M0YzAiOnsiY3JlYXRlIjoxMjAwMDAwMDAwMDAwLCJkZWxldGUiOjEyMDAwMDAwMDAwMDAsInVwZGF0ZSI6MTIwMDAwMDAwMDAwMH19",
          "dependencies": [
            "google_compute_network.vpc"
          ]
        }
      ]
    },
    {
      "mode": "managed",
      "type": "google_container_cluster",
      "name": "primary",
      "provider": "provider[\"registry.terraform.io/hashicorp/google\"]",
      "instances": [
        {
          "schema_version": 1,
          "attributes": {
            "addons_config": [
              {
                "cloudrun_config": [],
                "gcp_filestore_csi_driver_config": [],
                "horizontal_pod_autoscaling": [],
                "http_load_balancing": [],
                "network_policy_config": [
                  {
                    "disabled": true
                  }
                ]
              }
            ],
            "authenticator_groups_config": [],
            "cluster_autoscaling": [
              {
                "auto_provisioning_defaults": [],
                "enabled": false,
                "resource_limits": []
              }
            ],
            "cluster_ipv4_cidr": "10.248.0.0/14",
            "confidential_nodes": [],
            "database_encryption": [
              {
                "key_name": "",
                "state": "DECRYPTED"
              }
            ],
            "datapath_provider": "",
            "default_max_pods_per_node": null,
            "default_snat_status": [
              {
                "disabled": false
              }
            ],
            "description": "",
            "dns_config": [],
            "enable_autopilot": false,
            "enable_binary_authorization": false,
            "enable_intranode_visibility": false,
            "enable_kubernetes_alpha": false,
            "enable_legacy_abac": false,
            "enable_shielded_nodes": true,
            "enable_tpu": false,
            "endpoint": "35.239.244.246",
            "id": "projects/my-gke-project-389205/locations/us-central1/clusters/my-gke-project-389205-gke",
            "initial_node_count": 1,
            "ip_allocation_policy": [],
            "label_fingerprint": "a9dc16a7",
            "location": "us-central1",
            "logging_config": [
              {
                "enable_components": [
                  "SYSTEM_COMPONENTS",
                  "WORKLOADS"
                ]
              }
            ],
            "logging_service": "logging.googleapis.com/kubernetes",
            "maintenance_policy": [],
            "master_auth": [
              {
                "client_certificate": "",
                "client_certificate_config": [
                  {
                    "issue_client_certificate": false
                  }
                ],
                "client_key": "",
                "cluster_ca_certificate": "LS0tLS1CRUdJTiBDRVJUSUZJQ0FURS0tLS0tCk1JSUVMVENDQXBXZ0F3SUJBZ0lSQUlzdlMxYnZsbjhxc3JRZ05KWkhPUVl3RFFZSktvWklodmNOQVFFTEJRQXcKTHpFdE1Dc0dBMVVFQXhNa05XUmxaRGxrT1dFdE4yVXpNaTAwT1dFeUxUaGpNakl0TmpCaE16STJaV1psWVRjNQpNQ0FYRFRJek1EWXdPREEwTVRreE9Wb1lEekl3TlRNd05UTXhNRFV4T1RFNVdqQXZNUzB3S3dZRFZRUURFeVExClpHVmtPV1E1WVMwM1pUTXlMVFE1WVRJdE9HTXlNaTAyTUdFek1qWmxabVZoTnprd2dnR2lNQTBHQ1NxR1NJYjMKRFFFQkFRVUFBNElCandBd2dnR0tBb0lCZ1FDci9MQjl5cVlrT1RURFc4WXpzQWZ0OXdoRCs2MDFtQnNHQmRBRQo0RTJNeVdQQnZPM0QxRTNyUW1TcXM3d1FHN2IycVZNYjhWaUc0ZUF6TFA3dVkvQW42U0ovdjlGZGVvMFFORkFOCkp5ZmhwbDM0emNYT0k3d2xwSUloQXpMdHl5RDI4SjFkZ0tFeTZrZjhGWjBnMW9YOERyOWFkMTRYVHhqRzJtVncKQU5hUllkM2dSdW8vYThHUkpwQ0NIWmM0aUEydkdBUmFvUzBOb2luV2txY2EyYWpvbm1KdUJ3WDg1WFNjZXFiVwo2U01ERFFnbkYzMTNsaFRzN1dSTzdjeDZzTVF2eXZhd0Q1SnIxNW0zeG5zSG8wNWVkRzRhbCtMYXJkQiszd0V6Cit2SVBPRTJsdDY2MVY1Q1EyeDBSNXJ4YXRobS9zVmFrTWtFekFlOVpyYkNqYlYvUmFGOC9MTURIR0dKbEI0RS8KRWxJNWtiVGFtcWVMKy81RXJDb0lTcDlrYWQzaFhBMHBmZWJ0L2lDRnA5V1d5d05jZktJM3dmMzFjOVVFN3J5VgoydzRKdnhNSm1od3JtN01xYjZadjFCQWROaUpXN2lHNTc4NlFUVUtNdDRqcG5tSUZtT3ZKOUt5WkNlZVduWjdYCksvTXFFMXNRQi93K3JncmF0VFBGMmVFakJwY0NBd0VBQWFOQ01FQXdEZ1lEVlIwUEFRSC9CQVFEQWdJRU1BOEcKQTFVZEV3RUIvd1FGTUFNQkFmOHdIUVlEVlIwT0JCWUVGQ1huTlp6OGE1RGJBaUhNaDFrdTZjV2xjMGU1TUEwRwpDU3FHU0liM0RRRUJDd1VBQTRJQmdRQ1pSTjI0L0R3emFIWWkwR0c0MzdJZGVKUFhzTG5aanlFUmhnS3lZNS9iClU4eWVtUGVxaWYyaXZ4UHZXMHp6MWdCUXM1VFRGekZ5N2lsdUw2c09PWGZFSGFmdm9tUjlKWnFEYWNiZUFRWXgKVW1yTFM3dmZPb2pMV3hVbWNsVitBODZ3NmRHeWVZeDNFMHB1QUFvY2ZoaUhKVzVvL1NyenhDdGNHZXRVNFZuMwpPSTFCZkpqd1RGYU5YTlRGeFNOZzhJdWhxV0g4dmt6N3ZLUVhnVER0TjJWeUdFL3NtWTUzbjRJdnZwM2pWNVp5Cnd1dTBXVFQzaEtmTFFOcmc1VDltUTNRc2dnT2pPQVYxeGJSay8xeUxJSFhLNG9wQ2NoeDZsWjRRcmVpMU9PdDkKRExnT0NjNUNDOWd0ak1lR1hsYjNRQ09uRU1ub1pBVC9aNUtvSGd0RTNGYVk2SGc0bWp1VUVTTW1zNlJuSnVoSApMaE1JMW5WOHVvV1RuUkdHeUlvZnVyWUx3UkhXK1NNUllsZTBIaHp0M2RsTmcwNjlpeHF3Y1pBMVI3Vk5iQ1pwCmtnanNZL3h3M3c4MlRxeU1wUG53S3lNNUs5b2lMZzlzN1ZFOHh2UGwrSW5zUnY4eFlHSnN5cFJhUWhFUHBJODQKeWhvVndtTENITDhWOFljSm9qWWNTdFE9Ci0tLS0tRU5EIENFUlRJRklDQVRFLS0tLS0K"
              }
            ],
            "master_authorized_networks_config": [],
            "master_version": "1.25.8-gke.500",
            "min_master_version": null,
            "monitoring_config": [
              {
                "enable_components": [
                  "SYSTEM_COMPONENTS"
                ]
              }
            ],
            "monitoring_service": "monitoring.googleapis.com/kubernetes",
            "name": "my-gke-project-389205-gke",
            "network": "projects/my-gke-project-389205/global/networks/my-gke-project-389205-vpc",
            "network_policy": [
              {
                "enabled": false,
                "provider": "PROVIDER_UNSPECIFIED"
              }
            ],
            "networking_mode": "ROUTES",
            "node_config": [],
            "node_locations": [
              "us-central1-b",
              "us-central1-c",
              "us-central1-f"
            ],
            "node_pool": [],
            "node_version": "1.25.8-gke.500",
            "operation": null,
            "private_cluster_config": [
              {
                "enable_private_endpoint": false,
                "enable_private_nodes": false,
                "master_global_access_config": [
                  {
                    "enabled": false
                  }
                ],
                "master_ipv4_cidr_block": "",
                "peering_name": "",
                "private_endpoint": "10.10.0.2",
                "public_endpoint": "35.239.244.246"
              }
            ],
            "private_ipv6_google_access": "",
            "project": "my-gke-project-389205",
            "release_channel": [
              {
                "channel": "REGULAR"
              }
            ],
            "remove_default_node_pool": true,
            "resource_labels": {},
            "resource_usage_export_config": [],
            "self_link": "https://container.googleapis.com/v1/projects/my-gke-project-389205/locations/us-central1/clusters/my-gke-project-389205-gke",
            "services_ipv4_cidr": "10.251.240.0/20",
            "subnetwork": "projects/my-gke-project-389205/regions/us-central1/subnetworks/my-gke-project-389205-subnet",
            "timeouts": null,
            "tpu_ipv4_cidr_block": "",
            "vertical_pod_autoscaling": [],
            "workload_identity_config": []
          },
          "sensitive_attributes": [],
          "private": "eyJlMmJmYjczMC1lY2FhLTExZTYtOGY4OC0zNDM2M2JjN2M0YzAiOnsiY3JlYXRlIjoyNDAwMDAwMDAwMDAwLCJkZWxldGUiOjI0MDAwMDAwMDAwMDAsInJlYWQiOjI0MDAwMDAwMDAwMDAsInVwZGF0ZSI6MzYwMDAwMDAwMDAwMH0sInNjaGVtYV92ZXJzaW9uIjoiMSJ9",
          "dependencies": [
            "google_compute_network.vpc",
            "google_compute_subnetwork.subnet"
          ]
        }
      ]
    },
    {
      "mode": "managed",
      "type": "google_container_node_pool",
      "name": "primary_nodes",
      "provider": "provider[\"registry.terraform.io/hashicorp/google\"]",
      "instances": [
        {
          "schema_version": 1,
          "attributes": {
            "autoscaling": [],
            "cluster": "my-gke-project-389205-gke",
            "id": "projects/my-gke-project-389205/locations/us-central1/clusters/my-gke-project-389205-gke/nodePools/my-gke-project-389205-gke",
            "initial_node_count": 1,
            "instance_group_urls": [
              "https://www.googleapis.com/compute/v1/projects/my-gke-project-389205/zones/us-central1-b/instanceGroupManagers/gke-my-gke-project-3-my-gke-project-3-7a8ca3f3-grp",
              "https://www.googleapis.com/compute/v1/projects/my-gke-project-389205/zones/us-central1-c/instanceGroupManagers/gke-my-gke-project-3-my-gke-project-3-e51cc1a0-grp",
              "https://www.googleapis.com/compute/v1/projects/my-gke-project-389205/zones/us-central1-f/instanceGroupManagers/gke-my-gke-project-3-my-gke-project-3-8080d4e3-grp"
            ],
            "location": "us-central1",
            "managed_instance_group_urls": [
              "https://www.googleapis.com/compute/v1/projects/my-gke-project-389205/zones/us-central1-b/instanceGroups/gke-my-gke-project-3-my-gke-project-3-7a8ca3f3-grp",
              "https://www.googleapis.com/compute/v1/projects/my-gke-project-389205/zones/us-central1-c/instanceGroups/gke-my-gke-project-3-my-gke-project-3-e51cc1a0-grp",
              "https://www.googleapis.com/compute/v1/projects/my-gke-project-389205/zones/us-central1-f/instanceGroups/gke-my-gke-project-3-my-gke-project-3-8080d4e3-grp"
            ],
            "management": [
              {
                "auto_repair": true,
                "auto_upgrade": true
              }
            ],
            "max_pods_per_node": null,
            "name": "my-gke-project-389205-gke",
            "name_prefix": "",
            "node_config": [
              {
                "boot_disk_kms_key": "",
                "disk_size_gb": 100,
                "disk_type": "pd-balanced",
                "gcfs_config": [],
                "guest_accelerator": [],
                "gvnic": [],
                "image_type": "COS_CONTAINERD",
                "labels": {
                  "env": "my-gke-project-389205"
                },
                "local_ssd_count": 0,
                "machine_type": "n1-standard-1",
                "metadata": {
                  "disable-legacy-endpoints": "true"
                },
                "min_cpu_platform": "",
                "node_group": "",
                "oauth_scopes": [
                  "https://www.googleapis.com/auth/logging.write",
                  "https://www.googleapis.com/auth/monitoring"
                ],
                "preemptible": false,
                "service_account": "default",
                "shielded_instance_config": [
                  {
                    "enable_integrity_monitoring": true,
                    "enable_secure_boot": false
                  }
                ],
                "spot": false,
                "tags": [
                  "gke-node",
                  "my-gke-project-389205-gke"
                ],
                "taint": [],
                "workload_metadata_config": []
              }
            ],
            "node_count": 1,
            "node_locations": [
              "us-central1-b",
              "us-central1-c",
              "us-central1-f"
            ],
            "operation": null,
            "project": "my-gke-project-389205",
            "timeouts": null,
            "upgrade_settings": [
              {
                "max_surge": 1,
                "max_unavailable": 0
              }
            ],
            "version": "1.25.8-gke.500"
          },
          "sensitive_attributes": [],
          "private": "eyJlMmJmYjczMC1lY2FhLTExZTYtOGY4OC0zNDM2M2JjN2M0YzAiOnsiY3JlYXRlIjoxODAwMDAwMDAwMDAwLCJkZWxldGUiOjE4MDAwMDAwMDAwMDAsInVwZGF0ZSI6MTgwMDAwMDAwMDAwMH0sInNjaGVtYV92ZXJzaW9uIjoiMSJ9",
          "dependencies": [
            "google_container_cluster.primary"
          ]
        }
      ]
    }
  ],
  "check_results": null
}
